
Microsoft Visual Studio Solution File, Format Version 12.00
# Visual Studio Version 17
VisualStudioVersion = 17.7.34009.444
MinimumVisualStudioVersion = 10.0.40219.1
Project("{FAE04EC0-301F-11D3-BF4B-00C04F79EFBC}") = "Kotomi", "Kotomi\Kotomi\Kotomi.csproj", "{DE753737-E2F2-4E0D-A0D2-D6384D15C5CE}"
EndProject
Project("{FAE04EC0-301F-11D3-BF4B-00C04F79EFBC}") = "Kotomi.Android", "Kotomi\Kotomi.Android\Kotomi.Android.csproj", "{8D5C35AA-9504-4657-853F-ABF32E9026D2}"
EndProject
Project("{FAE04EC0-301F-11D3-BF4B-00C04F79EFBC}") = "Kotomi.Desktop", "Kotomi\Kotomi.Desktop\Kotomi.Desktop.csproj", "{B51340BE-5AB0-497D-BFF2-D17B2FD3A46C}"
EndProject
Project("{FAE04EC0-301F-11D3-BF4B-00C04F79EFBC}") = "Kotomi.iOS", "Kotomi\Kotomi.iOS\Kotomi.iOS.csproj", "{2E7CB7B4-4E7E-4920-A20C-6A3F9F016049}"
EndProject
Project("{FAE04EC0-301F-11D3-BF4B-00C04F79EFBC}") = "Kotomi.Browser", "Kotomi\Kotomi.Browser\Kotomi.Browser.csproj", "{F23A9412-6209-4049-A09B-8398D6DB72D5}"
EndProject
Global
	GlobalSection(SolutionConfigurationPlatforms) = preSolution
		Debug|Any CPU = Debug|Any CPU
		Release|Any CPU = Release|Any CPU
	EndGlobalSection
	GlobalSection(ProjectConfigurationPlatforms) = postSolution
		{DE753737-E2F2-4E0D-A0D2-D6384D15C5CE}.Debug|Any CPU.ActiveCfg = Debug|Any CPU
		{DE753737-E2F2-4E0D-A0D2-D6384D15C5CE}.Debug|Any CPU.Build.0 = Debug|Any CPU
		{DE753737-E2F2-4E0D-A0D2-D6384D15C5CE}.Release|Any CPU.ActiveCfg = Release|Any CPU
		{DE753737-E2F2-4E0D-A0D2-D6384D15C5CE}.Release|Any CPU.Build.0 = Release|Any CPU
		{8D5C35AA-9504-4657-853F-ABF32E9026D2}.Debug|Any CPU.ActiveCfg = Debug|Any CPU
		{8D5C35AA-9504-4657-853F-ABF32E9026D2}.Debug|Any CPU.Build.0 = Debug|Any CPU
		{8D5C35AA-9504-4657-853F-ABF32E9026D2}.Release|Any CPU.ActiveCfg = Release|Any CPU
		{8D5C35AA-9504-4657-853F-ABF32E9026D2}.Release|Any CPU.Build.0 = Release|Any CPU
		{B51340BE-5AB0-497D-BFF2-D17B2FD3A46C}.Debug|Any CPU.ActiveCfg = Debug|Any CPU
		{B51340BE-5AB0-497D-BFF2-D17B2FD3A46C}.Debug|Any CPU.Build.0 = Debug|Any CPU
		{B51340BE-5AB0-497D-BFF2-D17B2FD3A46C}.Release|Any CPU.ActiveCfg = Release|Any CPU
		{B51340BE-5AB0-497D-BFF2-D17B2FD3A46C}.Release|Any CPU.Build.0 = Release|Any CPU
		{2E7CB7B4-4E7E-4920-A20C-6A3F9F016049}.Debug|Any CPU.ActiveCfg = Debug|Any CPU
		{2E7CB7B4-4E7E-4920-A20C-6A3F9F016049}.Debug|Any CPU.Build.0 = Debug|Any CPU
		{2E7CB7B4-4E7E-4920-A20C-6A3F9F016049}.Release|Any CPU.ActiveCfg = Release|Any CPU
		{2E7CB7B4-4E7E-4920-A20C-6A3F9F016049}.Release|Any CPU.Build.0 = Release|Any CPU
		{F23A9412-6209-4049-A09B-8398D6DB72D5}.Debug|Any CPU.ActiveCfg = Debug|Any CPU
		{F23A9412-6209-4049-A09B-8398D6DB72D5}.Debug|Any CPU.Build.0 = Debug|Any CPU
		{F23A9412-6209-4049-A09B-8398D6DB72D5}.Release|Any CPU.ActiveCfg = Release|Any CPU
		{F23A9412-6209-4049-A09B-8398D6DB72D5}.Release|Any CPU.Build.0 = Release|Any CPU
	EndGlobalSection
	GlobalSection(SolutionProperties) = preSolution
		HideSolutionNode = FALSE
	EndGlobalSection
	GlobalSection(ExtensibilityGlobals) = postSolution
		SolutionGuid = {21D2E3A7-CB21-425E-ADF9-AF647380D8E2}
	EndGlobalSection
EndGlobal
